PODS:
  - FMDB (2.7.5):
    - FMDB/standard (= 2.7.5)
  - FMDB/standard (2.7.5)
  - III18N (0.4.0)
  - IIOCUtility (0.8.0):
    - FMDB
    - III18N
    - IIOCUtility/AccessToken (= 0.8.0)
    - IIOCUtility/Cache (= 0.8.0)
    - IIOCUtility/GETDevice (= 0.8.0)
    - IIOCUtility/IIMJRefresh (= 0.8.0)
    - IIOCUtility/IIRouteAlert (= 0.8.0)
    - IIOCUtility/UTI (= 0.8.0)
    - MJExtension
    - SDWebImage (~> 4.4.5)
    - Toast
    - WCDB
  - IIOCUtility/AccessToken (0.8.0):
    - FMDB
    - III18N
    - MJExtension
    - SDWebImage (~> 4.4.5)
    - Toast
    - WCDB
  - IIOCUtility/Cache (0.8.0):
    - FMDB
    - III18N
    - MJExtension
    - SDWebImage (~> 4.4.5)
    - Toast
    - WCDB
  - IIOCUtility/GETDevice (0.8.0):
    - FMDB
    - III18N
    - MJExtension
    - SDWebImage (~> 4.4.5)
    - Toast
    - WCDB
  - IIOCUtility/IIMJRefresh (0.8.0):
    - FMDB
    - III18N
    - MJExtension
    - SDWebImage (~> 4.4.5)
    - Toast
    - WCDB
  - IIOCUtility/IIRouteAlert (0.8.0):
    - FMDB
    - III18N
    - MJExtension
    - SDWebImage (~> 4.4.5)
    - Toast
    - WCDB
  - IIOCUtility/UTI (0.8.0):
    - FMDB
    - III18N
    - MJExtension
    - SDWebImage (~> 4.4.5)
    - Toast
    - WCDB
  - MJExtension (3.0.16)
  - SDWebImage (4.4.6):
    - SDWebImage/Core (= 4.4.6)
  - SDWebImage/Core (4.4.6)
  - SQLiteRepairKit (1.2.2):
    - WCDBOptimizedSQLCipher (~> 1.2.0)
  - Toast (4.0.0)
  - WCDB (1.0.7.5):
    - SQLiteRepairKit (~> 1.2.0)
    - WCDBOptimizedSQLCipher (~> 1.2.0)
  - WCDBOptimizedSQLCipher (1.2.1)

DEPENDENCIES:
  - IIOCUtility (from `../`)

SPEC REPOS:
  https://github.com/cocoapods/specs.git:
    - FMDB
    - III18N
    - MJExtension
    - SDWebImage
    - SQLiteRepairKit
    - Toast
    - WCDB
    - WCDBOptimizedSQLCipher

EXTERNAL SOURCES:
  IIOCUtility:
    :path: "../"

SPEC CHECKSUMS:
  FMDB: 2ce00b547f966261cd18927a3ddb07cb6f3db82a
  III18N: 6c70b89556c9f75f272a4750948e01184f3428b9
  IIOCUtility: 75acc5b6f7e5e2d0403060ab32d10584eb2c8b4d
  MJExtension: 54dbbf6ee728f1a88e9aad904353d007831c7847
  SDWebImage: 3f3f0c02f09798048c47a5ed0a13f17b063572d8
  SQLiteRepairKit: 35aaae5a8838adb85f5b1eb4d796055be6060a4b
  Toast: 91b396c56ee72a5790816f40d3a94dd357abc196
  WCDB: 8e90babdeb7784c569353a4bd22a66c0a175a882
  WCDBOptimizedSQLCipher: baf44493b0c7a3d49e97bc5b64a3856f6428ddd1

PODFILE CHECKSUM: 980dcabc2c2f477ab23958040446623dd4e47a0d

COCOAPODS: 1.6.0.beta.2
